
Microsoft Visual Studio Solution File, Format Version 12.00
# Visual Studio 15
VisualStudioVersion = 15.0.27428.2037
MinimumVisualStudioVersion = 10.0.40219.1
Project("{FAE04EC0-301F-11D3-BF4B-00C04F79EFBC}") = "Lightpoint Loyalty", "Diplom\Lightpoint Loyalty.csproj", "{A3DA9D0E-D011-4671-8B45-38628799C16C}"
EndProject
Global
	GlobalSection(SolutionConfigurationPlatforms) = preSolution
		Debug|Any CPU = Debug|Any CPU
		Release|Any CPU = Release|Any CPU
	EndGlobalSection
	GlobalSection(ProjectConfigurationPlatforms) = postSolution
		{A3DA9D0E-D011-4671-8B45-38628799C16C}.Debug|Any CPU.ActiveCfg = Debug|Any CPU
		{A3DA9D0E-D011-4671-8B45-38628799C16C}.Debug|Any CPU.Build.0 = Debug|Any CPU
		{A3DA9D0E-D011-4671-8B45-38628799C16C}.Release|Any CPU.ActiveCfg = Release|Any CPU
		{A3DA9D0E-D011-4671-8B45-38628799C16C}.Release|Any CPU.Build.0 = Release|Any CPU
	EndGlobalSection
	GlobalSection(SolutionProperties) = preSolution
		HideSolutionNode = FALSE
	EndGlobalSection
	GlobalSection(ExtensibilityGlobals) = postSolution
		SolutionGuid = {F9EB093E-3627-4038-9026-15E109FDE28E}
	EndGlobalSection
EndGlobal
